
Microsoft Visual Studio Solution File, Format Version 12.00
# Visual Studio Version 17
VisualStudioVersion = 17.0.31919.166
MinimumVisualStudioVersion = 10.0.40219.1
Project("{FAE04EC0-301F-11D3-BF4B-00C04F79EFBC}") = "16", "16.csproj", "{1D9A5714-9604-40B6-968B-F0005114DA8D}"
EndProject
Global
	GlobalSection(SolutionConfigurationPlatforms) = preSolution
		Debug|Any CPU = Debug|Any CPU
		Release|Any CPU = Release|Any CPU
	EndGlobalSection
	GlobalSection(ProjectConfigurationPlatforms) = postSolution
		{1D9A5714-9604-40B6-968B-F0005114DA8D}.Debug|Any CPU.ActiveCfg = Debug|Any CPU
		{1D9A5714-9604-40B6-968B-F0005114DA8D}.Debug|Any CPU.Build.0 = Debug|Any CPU
		{1D9A5714-9604-40B6-968B-F0005114DA8D}.Release|Any CPU.ActiveCfg = Release|Any CPU
		{1D9A5714-9604-40B6-968B-F0005114DA8D}.Release|Any CPU.Build.0 = Release|Any CPU
	EndGlobalSection
	GlobalSection(SolutionProperties) = preSolution
		HideSolutionNode = FALSE
	EndGlobalSection
	GlobalSection(ExtensibilityGlobals) = postSolution
		SolutionGuid = {CE68E889-2453-442D-B523-BAECDF07F8EC}
	EndGlobalSection
EndGlobal
